
Microsoft Visual Studio Solution File, Format Version 12.00
# Visual Studio Version 17
VisualStudioVersion = 17.1.32319.34
MinimumVisualStudioVersion = 10.0.40219.1
Project("{FAE04EC0-301F-11D3-BF4B-00C04F79EFBC}") = "HrunykLab", "HrunykLab.csproj", "{EB96059F-F492-4750-8405-AA172DDD5533}"
EndProject
Global
	GlobalSection(SolutionConfigurationPlatforms) = preSolution
		Debug|Any CPU = Debug|Any CPU
		Release|Any CPU = Release|Any CPU
	EndGlobalSection
	GlobalSection(ProjectConfigurationPlatforms) = postSolution
		{EB96059F-F492-4750-8405-AA172DDD5533}.Debug|Any CPU.ActiveCfg = Debug|Any CPU
		{EB96059F-F492-4750-8405-AA172DDD5533}.Debug|Any CPU.Build.0 = Debug|Any CPU
		{EB96059F-F492-4750-8405-AA172DDD5533}.Release|Any CPU.ActiveCfg = Release|Any CPU
		{EB96059F-F492-4750-8405-AA172DDD5533}.Release|Any CPU.Build.0 = Release|Any CPU
	EndGlobalSection
	GlobalSection(SolutionProperties) = preSolution
		HideSolutionNode = FALSE
	EndGlobalSection
	GlobalSection(ExtensibilityGlobals) = postSolution
		SolutionGuid = {96605D5E-F902-4C69-B6AE-8D04F5D93041}
	EndGlobalSection
EndGlobal
